// !$*UTF8*$!
{
	archiveVersion = 1;
	classes = {
	};
	objectVersion = 52;
	objects = {

/* Begin PBXBuildFile section */
		801D953923A2A34300ABCF7F /* panel.camera.tr3 in Resources */ = {isa = PBXBuildFile; fileRef = 801D953823A2A34300ABCF7F /* panel.camera.tr3 */; };
		802650DE25574BC9005B4119 /* panel.shader.colorize.v2.tr3 in Resources */ = {isa = PBXBuildFile; fileRef = 802650DD25574BC9005B4119 /* panel.shader.colorize.v2.tr3 */; };
		802650EC25575DBF005B4119 /* panel.cell.scroll.v2.tr3 in Resources */ = {isa = PBXBuildFile; fileRef = 802650EB25575DBF005B4119 /* panel.cell.scroll.v2.tr3 */; };
		8062A7C225168FB300E61D38 /* AudioKit in Frameworks */ = {isa = PBXBuildFile; productRef = 8062A7C125168FB300E61D38 /* AudioKit */; };
		80703D3D23A04F570093C016 /* cell.camix.metal in Sources */ = {isa = PBXBuildFile; fileRef = 80703D3C23A04F570093C016 /* cell.camix.metal */; };
		807048EB23378A090001617D /* AppDelegate.swift in Sources */ = {isa = PBXBuildFile; fileRef = 807048EA23378A090001617D /* AppDelegate.swift */; };
		807048ED23378A090001617D /* SceneDelegate.swift in Sources */ = {isa = PBXBuildFile; fileRef = 807048EC23378A090001617D /* SceneDelegate.swift */; };
		8070490223378A0B0001617D /* MuseSkyTests.swift in Sources */ = {isa = PBXBuildFile; fileRef = 8070490123378A0B0001617D /* MuseSkyTests.swift */; };
		8070490D23378A0B0001617D /* MuseSkyUITests.swift in Sources */ = {isa = PBXBuildFile; fileRef = 8070490C23378A0B0001617D /* MuseSkyUITests.swift */; };
		807049ED23378ADC0001617D /* SkyTr3.swift in Sources */ = {isa = PBXBuildFile; fileRef = 8070495C23378ADB0001617D /* SkyTr3.swift */; };
		807049EE23378ADC0001617D /* cell.fredkin.metal in Sources */ = {isa = PBXBuildFile; fileRef = 8070495F23378ADB0001617D /* cell.fredkin.metal */; };
		807049EF23378ADC0001617D /* cell.average.metal in Sources */ = {isa = PBXBuildFile; fileRef = 8070496023378ADB0001617D /* cell.average.metal */; };
		807049F023378ADC0001617D /* cell.modulo.metal in Sources */ = {isa = PBXBuildFile; fileRef = 8070496123378ADB0001617D /* cell.modulo.metal */; };
		807049F123378ADC0001617D /* cell.fader.metal in Sources */ = {isa = PBXBuildFile; fileRef = 8070496223378ADB0001617D /* cell.fader.metal */; };
		807049F223378ADC0001617D /* pipeline.colorize.metal in Sources */ = {isa = PBXBuildFile; fileRef = 8070496323378ADB0001617D /* pipeline.colorize.metal */; };
		807049F323378ADC0001617D /* cell.timetunnel.metal in Sources */ = {isa = PBXBuildFile; fileRef = 8070496423378ADB0001617D /* cell.timetunnel.metal */; };
		807049F423378ADC0001617D /* cell.erode.metal in Sources */ = {isa = PBXBuildFile; fileRef = 8070496523378ADB0001617D /* cell.erode.metal */; };
		807049F523378ADC0001617D /* cell.zhabatinski.metal in Sources */ = {isa = PBXBuildFile; fileRef = 8070496623378ADB0001617D /* cell.zhabatinski.metal */; };
		807049F623378ADC0001617D /* pipeline.drawScroll.metal in Sources */ = {isa = PBXBuildFile; fileRef = 8070496723378ADB0001617D /* pipeline.drawScroll.metal */; };
		807049F723378ADC0001617D /* cell.melt.metal in Sources */ = {isa = PBXBuildFile; fileRef = 8070496823378ADB0001617D /* cell.melt.metal */; };
		807049F823378ADC0001617D /* pipeline.render.metal in Sources */ = {isa = PBXBuildFile; fileRef = 8070496923378ADB0001617D /* pipeline.render.metal */; };
		807049F923378ADC0001617D /* cell.slide.metal in Sources */ = {isa = PBXBuildFile; fileRef = 8070496A23378ADB0001617D /* cell.slide.metal */; };
		807049FA23378ADC0001617D /* SkyView.swift in Sources */ = {isa = PBXBuildFile; fileRef = 8070496C23378ADB0001617D /* SkyView.swift */; };
		807049FB23378ADC0001617D /* TouchFinger.swift in Sources */ = {isa = PBXBuildFile; fileRef = 8070496D23378ADB0001617D /* TouchFinger.swift */; };
		807049FD23378ADC0001617D /* TouchItem.swift in Sources */ = {isa = PBXBuildFile; fileRef = 8070496F23378ADB0001617D /* TouchItem.swift */; };
		807049FE23378ADC0001617D /* SkyDraw.swift in Sources */ = {isa = PBXBuildFile; fileRef = 8070497023378ADB0001617D /* SkyDraw.swift */; };
		80704A0023378ADC0001617D /* WorkLink.swift in Sources */ = {isa = PBXBuildFile; fileRef = 8070497223378ADB0001617D /* WorkLink.swift */; };
		80704A0123378ADC0001617D /* SkyPipeline.swift in Sources */ = {isa = PBXBuildFile; fileRef = 8070497323378ADB0001617D /* SkyPipeline.swift */; };
		80704A0223378ADC0001617D /* SkyVC.swift in Sources */ = {isa = PBXBuildFile; fileRef = 8070497423378ADB0001617D /* SkyVC.swift */; };
		80704A0323378ADC0001617D /* SkyMetal.swift in Sources */ = {isa = PBXBuildFile; fileRef = 8070497523378ADB0001617D /* SkyMetal.swift */; };
		80704A0523378ADC0001617D /* SkyMain.swift in Sources */ = {isa = PBXBuildFile; fileRef = 8070497723378ADB0001617D /* SkyMain.swift */; };
		80704A0623378ADC0001617D /* SkyColor.swift in Sources */ = {isa = PBXBuildFile; fileRef = 8070497823378ADB0001617D /* SkyColor.swift */; };
		80704A0723378ADC0001617D /* SkyDock.swift in Sources */ = {isa = PBXBuildFile; fileRef = 8070497923378ADB0001617D /* SkyDock.swift */; };
		80704A5323378B000001617D /* panel.cell.scroll.tr3 in Resources */ = {isa = PBXBuildFile; fileRef = 80704A3123378B000001617D /* panel.cell.scroll.tr3 */; };
		80704A5423378B000001617D /* panel.shader.colorize.tr3 in Resources */ = {isa = PBXBuildFile; fileRef = 80704A3223378B000001617D /* panel.shader.colorize.tr3 */; };
		80704A5523378B000001617D /* panel.cell.melt.tr3 in Resources */ = {isa = PBXBuildFile; fileRef = 80704A3323378B000001617D /* panel.cell.melt.tr3 */; };
		80704A5623378B000001617D /* panel.cell.fredkin.tr3 in Resources */ = {isa = PBXBuildFile; fileRef = 80704A3423378B000001617D /* panel.cell.fredkin.tr3 */; };
		80704A5723378B000001617D /* panel.shader.tile.tr3 in Resources */ = {isa = PBXBuildFile; fileRef = 80704A3523378B000001617D /* panel.shader.tile.tr3 */; };
		80704A5823378B000001617D /* panel.cell.average.tr3 in Resources */ = {isa = PBXBuildFile; fileRef = 80704A3623378B000001617D /* panel.cell.average.tr3 */; };
		80704A5923378B000001617D /* panel.cell.fader.tr3 in Resources */ = {isa = PBXBuildFile; fileRef = 80704A3723378B000001617D /* panel.cell.fader.tr3 */; };
		80704A5A23378B000001617D /* panel.cell.slide.tr3 in Resources */ = {isa = PBXBuildFile; fileRef = 80704A3823378B000001617D /* panel.cell.slide.tr3 */; };
		80704A5B23378B000001617D /* panel.shader.weave.tr3 in Resources */ = {isa = PBXBuildFile; fileRef = 80704A3923378B000001617D /* panel.shader.weave.tr3 */; };
		80704A5C23378B000001617D /* panel.cell.gas.tr3 in Resources */ = {isa = PBXBuildFile; fileRef = 80704A3A23378B000001617D /* panel.cell.gas.tr3 */; };
		80704A5D23378B000001617D /* panel.cell.speed.tr3 in Resources */ = {isa = PBXBuildFile; fileRef = 80704A3B23378B000001617D /* panel.cell.speed.tr3 */; };
		80704A5E23378B000001617D /* panel.cell.tr3 in Resources */ = {isa = PBXBuildFile; fileRef = 80704A3C23378B000001617D /* panel.cell.tr3 */; };
		80704A5F23378B000001617D /* panel.cell.drift.tr3 in Resources */ = {isa = PBXBuildFile; fileRef = 80704A3D23378B000001617D /* panel.cell.drift.tr3 */; };
		80704A6023378B000001617D /* panel.cell.brush.tr3 in Resources */ = {isa = PBXBuildFile; fileRef = 80704A3E23378B000001617D /* panel.cell.brush.tr3 */; };
		80704A6E23378B000001617D /* sky.shader.tr3 in Resources */ = {isa = PBXBuildFile; fileRef = 80704A4D23378B000001617D /* sky.shader.tr3 */; };
		80704A7023378B000001617D /* panel.cell.modulo.tr3 in Resources */ = {isa = PBXBuildFile; fileRef = 80704A4F23378B000001617D /* panel.cell.modulo.tr3 */; };
		80704A7123378B000001617D /* panel.cell.zhabatinski.tr3 in Resources */ = {isa = PBXBuildFile; fileRef = 80704A5023378B000001617D /* panel.cell.zhabatinski.tr3 */; };
		80704A7223378B000001617D /* sky.main.tr3 in Resources */ = {isa = PBXBuildFile; fileRef = 80704A5123378B000001617D /* sky.main.tr3 */; };
		80704A7323378B000001617D /* panel.cell.timeTunnel.tr3 in Resources */ = {isa = PBXBuildFile; fileRef = 80704A5223378B000001617D /* panel.cell.timeTunnel.tr3 */; };
		80704A7923378C1B0001617D /* Metal.framework in Frameworks */ = {isa = PBXBuildFile; fileRef = 80704A7723378C1A0001617D /* Metal.framework */; };
		80704A7A23378C1B0001617D /* MetalKit.framework in Frameworks */ = {isa = PBXBuildFile; fileRef = 80704A7823378C1B0001617D /* MetalKit.framework */; };
		80704B3C23378DB40001617D /* Tr3 in Frameworks */ = {isa = PBXBuildFile; productRef = 80704B3B23378DB40001617D /* Tr3 */; };
		8079629125587F3C005BBFA6 /* panel.cell.midi.tr3 in Resources */ = {isa = PBXBuildFile; fileRef = 8079629025587F3C005BBFA6 /* panel.cell.midi.tr3 */; };
		807962A22558B110005BBFA6 /* sky.shader.v2.tr3 in Resources */ = {isa = PBXBuildFile; fileRef = 8079629F2558B110005BBFA6 /* sky.shader.v2.tr3 */; };
		807962A32558B110005BBFA6 /* panel.shader.weave.v2.tr3 in Resources */ = {isa = PBXBuildFile; fileRef = 807962A02558B110005BBFA6 /* panel.shader.weave.v2.tr3 */; };
		807962A42558B110005BBFA6 /* panel.shader.tile.v2.tr3 in Resources */ = {isa = PBXBuildFile; fileRef = 807962A12558B110005BBFA6 /* panel.shader.tile.v2.tr3 */; };
		807962B12558B68E005BBFA6 /* panel.cell.v2.tr3 in Resources */ = {isa = PBXBuildFile; fileRef = 807962AF2558B68E005BBFA6 /* panel.cell.v2.tr3 */; };
		807962B22558B68E005BBFA6 /* panel.camera.v2.tr3 in Resources */ = {isa = PBXBuildFile; fileRef = 807962B02558B68E005BBFA6 /* panel.camera.v2.tr3 */; };
		807962C32558BB69005BBFA6 /* panel.cell.camera.v2.tr3 in Resources */ = {isa = PBXBuildFile; fileRef = 807962BE2558BB69005BBFA6 /* panel.cell.camera.v2.tr3 */; };
		807962C42558BB69005BBFA6 /* panel.cell.brush.v2.tr3 in Resources */ = {isa = PBXBuildFile; fileRef = 807962BF2558BB69005BBFA6 /* panel.cell.brush.v2.tr3 */; };
		807962C52558BB69005BBFA6 /* panel.cell.record.v2.tr3 in Resources */ = {isa = PBXBuildFile; fileRef = 807962C02558BB69005BBFA6 /* panel.cell.record.v2.tr3 */; };
		807962C62558BB69005BBFA6 /* panel.cell.midi.v2.tr3 in Resources */ = {isa = PBXBuildFile; fileRef = 807962C12558BB69005BBFA6 /* panel.cell.midi.v2.tr3 */; };
		807962C72558BB69005BBFA6 /* panel.cell.speed.v2.tr3 in Resources */ = {isa = PBXBuildFile; fileRef = 807962C22558BB69005BBFA6 /* panel.cell.speed.v2.tr3 */; };
		807962D52558C031005BBFA6 /* sky.midi.v2.tr3 in Resources */ = {isa = PBXBuildFile; fileRef = 807962D32558C031005BBFA6 /* sky.midi.v2.tr3 */; };
		807962D62558C031005BBFA6 /* sky.main.v2.tr3 in Resources */ = {isa = PBXBuildFile; fileRef = 807962D42558C031005BBFA6 /* sky.main.v2.tr3 */; };
		807962E92558C3B3005BBFA6 /* panel.cell.gas.v2.tr3 in Resources */ = {isa = PBXBuildFile; fileRef = 807962DF2558C3B2005BBFA6 /* panel.cell.gas.v2.tr3 */; };
		807962EA2558C3B3005BBFA6 /* panel.cell.timeTunnel.v2.tr3 in Resources */ = {isa = PBXBuildFile; fileRef = 807962E02558C3B2005BBFA6 /* panel.cell.timeTunnel.v2.tr3 */; };
		807962EB2558C3B3005BBFA6 /* panel.cell.fader.v2.tr3 in Resources */ = {isa = PBXBuildFile; fileRef = 807962E12558C3B2005BBFA6 /* panel.cell.fader.v2.tr3 */; };
		807962EC2558C3B3005BBFA6 /* panel.cell.drift.v2.tr3 in Resources */ = {isa = PBXBuildFile; fileRef = 807962E22558C3B2005BBFA6 /* panel.cell.drift.v2.tr3 */; };
		807962ED2558C3B3005BBFA6 /* panel.cell.average.v2.tr3 in Resources */ = {isa = PBXBuildFile; fileRef = 807962E32558C3B2005BBFA6 /* panel.cell.average.v2.tr3 */; };
		807962EE2558C3B3005BBFA6 /* panel.cell.zhabatinski.v2.tr3 in Resources */ = {isa = PBXBuildFile; fileRef = 807962E42558C3B2005BBFA6 /* panel.cell.zhabatinski.v2.tr3 */; };
		807962EF2558C3B3005BBFA6 /* panel.cell.melt.v2.tr3 in Resources */ = {isa = PBXBuildFile; fileRef = 807962E52558C3B3005BBFA6 /* panel.cell.melt.v2.tr3 */; };
		807962F02558C3B3005BBFA6 /* panel.cell.modulo.v2.tr3 in Resources */ = {isa = PBXBuildFile; fileRef = 807962E62558C3B3005BBFA6 /* panel.cell.modulo.v2.tr3 */; };
		807962F12558C3B3005BBFA6 /* panel.cell.slide.v2.tr3 in Resources */ = {isa = PBXBuildFile; fileRef = 807962E72558C3B3005BBFA6 /* panel.cell.slide.v2.tr3 */; };
		807962F22558C3B3005BBFA6 /* panel.cell.fredkin.v2.tr3 in Resources */ = {isa = PBXBuildFile; fileRef = 807962E82558C3B3005BBFA6 /* panel.cell.fredkin.v2.tr3 */; };
		808E90D923384CCD004EB9C9 /* MuFile.swift in Sources */ = {isa = PBXBuildFile; fileRef = 808E90D823384CCD004EB9C9 /* MuFile.swift */; };
		808E90DC2338B4D0004EB9C9 /* ZIPFoundation in Frameworks */ = {isa = PBXBuildFile; productRef = 808E90DB2338B4D0004EB9C9 /* ZIPFoundation */; };
		808E90DE2338B532004EB9C9 /* FileManager+extension.swift in Sources */ = {isa = PBXBuildFile; fileRef = 808E90DD2338B532004EB9C9 /* FileManager+extension.swift */; };
		80951DA823A1AA2700FB9DFA /* SkyPipeline+update.swift in Sources */ = {isa = PBXBuildFile; fileRef = 80951DA723A1AA2700FB9DFA /* SkyPipeline+update.swift */; };
		80B8ACCB23761B9D00F80DB0 /* panel.cell.record.tr3 in Resources */ = {isa = PBXBuildFile; fileRef = 80B8ACCA23761B9D00F80DB0 /* panel.cell.record.tr3 */; };
		80B9E12525169D0E0074AEEA /* MuMidi.swift in Sources */ = {isa = PBXBuildFile; fileRef = 80B9E12425169D0E0074AEEA /* MuMidi.swift */; };
		80C075362532268F0008820D /* MuDrawBox.swift in Sources */ = {isa = PBXBuildFile; fileRef = 80C075312532268F0008820D /* MuDrawBox.swift */; };
		80C075372532268F0008820D /* MuDrawBubble.swift in Sources */ = {isa = PBXBuildFile; fileRef = 80C075322532268F0008820D /* MuDrawBubble.swift */; };
		80C075382532268F0008820D /* ColorRGBA.swift in Sources */ = {isa = PBXBuildFile; fileRef = 80C075332532268F0008820D /* ColorRGBA.swift */; };
		80C075392532268F0008820D /* MuBezel.swift in Sources */ = {isa = PBXBuildFile; fileRef = 80C075342532268F0008820D /* MuBezel.swift */; };
		80C0753A2532268F0008820D /* MuDrawCircle.swift in Sources */ = {isa = PBXBuildFile; fileRef = 80C075352532268F0008820D /* MuDrawCircle.swift */; };
		80C0754F253226E00008820D /* MuColor in Frameworks */ = {isa = PBXBuildFile; productRef = 80C0754E253226E00008820D /* MuColor */; };
		80C07551253226E00008820D /* MuCubic in Frameworks */ = {isa = PBXBuildFile; productRef = 80C07550253226E00008820D /* MuCubic */; };
		80C07553253226E00008820D /* MuExtensions in Frameworks */ = {isa = PBXBuildFile; productRef = 80C07552253226E00008820D /* MuExtensions */; };
		80C07555253226E00008820D /* MuMetal in Frameworks */ = {isa = PBXBuildFile; productRef = 80C07554253226E00008820D /* MuMetal */; };
		80C07557253226E00008820D /* MuUtilities in Frameworks */ = {isa = PBXBuildFile; productRef = 80C07556253226E00008820D /* MuUtilities */; };
		80C07559253226E00008820D /* Tr3Thumb in Frameworks */ = {isa = PBXBuildFile; productRef = 80C07558253226E00008820D /* Tr3Thumb */; };
		80DA1E5925212D4B00AE5C3C /* sky.midi.tr3 in Resources */ = {isa = PBXBuildFile; fileRef = 80DA1E5825212D4B00AE5C3C /* sky.midi.tr3 */; };
		80DC21872337ADB000B99CD9 /* LaunchScreen.storyboard in Resources */ = {isa = PBXBuildFile; fileRef = 80DC21852337ADB000B99CD9 /* LaunchScreen.storyboard */; };
		80DC21882337ADB000B99CD9 /* Main.storyboard in Resources */ = {isa = PBXBuildFile; fileRef = 80DC21862337ADB000B99CD9 /* Main.storyboard */; };
		80DC21892337AE9300B99CD9 /* Assets.xcassets in Resources */ = {isa = PBXBuildFile; fileRef = 80DC21842337ACFB00B99CD9 /* Assets.xcassets */; };
		80F846E1234D016A009022F7 /* cell.camera.metal in Sources */ = {isa = PBXBuildFile; fileRef = 80F846E0234D016A009022F7 /* cell.camera.metal */; };
		80F846E3234D01D2009022F7 /* panel.cell.camera.tr3 in Resources */ = {isa = PBXBuildFile; fileRef = 80F846E2234D01D2009022F7 /* panel.cell.camera.tr3 */; };
/* End PBXBuildFile section */

/* Begin PBXContainerItemProxy section */
		807048FE23378A0B0001617D /* PBXContainerItemProxy */ = {
			isa = PBXContainerItemProxy;
			containerPortal = 807048DF23378A090001617D /* Project object */;
			proxyType = 1;
			remoteGlobalIDString = 807048E623378A090001617D;
			remoteInfo = MuseSky;
		};
		8070490923378A0B0001617D /* PBXContainerItemProxy */ = {
			isa = PBXContainerItemProxy;
			containerPortal = 807048DF23378A090001617D /* Project object */;
			proxyType = 1;
			remoteGlobalIDString = 807048E623378A090001617D;
			remoteInfo = MuseSky;
		};
/* End PBXContainerItemProxy section */

/* Begin PBXFileReference section */
		801A59E825326BA700B143DA /* Tr3 */ = {isa = PBXFileReference; lastKnownFileType = folder; name = Tr3; path = ../Tr3; sourceTree = "<group>"; };
		801D953823A2A34300ABCF7F /* panel.camera.tr3 */ = {isa = PBXFileReference; explicitFileType = sourcecode.c.h; fileEncoding = 4; path = panel.camera.tr3; sourceTree = "<group>"; };
		802650D025574388005B4119 /* panel.shader.colorize.tr3.json */ = {isa = PBXFileReference; fileEncoding = 4; lastKnownFileType = text.json; path = panel.shader.colorize.tr3.json; sourceTree = "<group>"; };
		802650DD25574BC9005B4119 /* panel.shader.colorize.v2.tr3 */ = {isa = PBXFileReference; explicitFileType = sourcecode.c.h; fileEncoding = 4; path = panel.shader.colorize.v2.tr3; sourceTree = "<group>"; };
		802650EB25575DBF005B4119 /* panel.cell.scroll.v2.tr3 */ = {isa = PBXFileReference; explicitFileType = sourcecode.c.h; fileEncoding = 4; path = panel.cell.scroll.v2.tr3; sourceTree = "<group>"; };
		80703D3C23A04F570093C016 /* cell.camix.metal */ = {isa = PBXFileReference; fileEncoding = 4; lastKnownFileType = sourcecode.metal; path = cell.camix.metal; sourceTree = "<group>"; };
		807048E723378A090001617D /* Muse Sky.app */ = {isa = PBXFileReference; explicitFileType = wrapper.application; includeInIndex = 0; path = "Muse Sky.app"; sourceTree = BUILT_PRODUCTS_DIR; };
		807048EA23378A090001617D /* AppDelegate.swift */ = {isa = PBXFileReference; lastKnownFileType = sourcecode.swift; path = AppDelegate.swift; sourceTree = "<group>"; };
		807048EC23378A090001617D /* SceneDelegate.swift */ = {isa = PBXFileReference; lastKnownFileType = sourcecode.swift; path = SceneDelegate.swift; sourceTree = "<group>"; };
		807048F823378A0B0001617D /* Info.plist */ = {isa = PBXFileReference; lastKnownFileType = text.plist.xml; path = Info.plist; sourceTree = "<group>"; };
		807048FD23378A0B0001617D /* MuseSkyTests.xctest */ = {isa = PBXFileReference; explicitFileType = wrapper.cfbundle; includeInIndex = 0; path = MuseSkyTests.xctest; sourceTree = BUILT_PRODUCTS_DIR; };
		8070490123378A0B0001617D /* MuseSkyTests.swift */ = {isa = PBXFileReference; lastKnownFileType = sourcecode.swift; path = MuseSkyTests.swift; sourceTree = "<group>"; };
		8070490323378A0B0001617D /* Info.plist */ = {isa = PBXFileReference; lastKnownFileType = text.plist.xml; path = Info.plist; sourceTree = "<group>"; };
		8070490823378A0B0001617D /* MuseSkyUITests.xctest */ = {isa = PBXFileReference; explicitFileType = wrapper.cfbundle; includeInIndex = 0; path = MuseSkyUITests.xctest; sourceTree = BUILT_PRODUCTS_DIR; };
		8070490C23378A0B0001617D /* MuseSkyUITests.swift */ = {isa = PBXFileReference; lastKnownFileType = sourcecode.swift; path = MuseSkyUITests.swift; sourceTree = "<group>"; };
		8070490E23378A0B0001617D /* Info.plist */ = {isa = PBXFileReference; lastKnownFileType = text.plist.xml; path = Info.plist; sourceTree = "<group>"; };
		8070495C23378ADB0001617D /* SkyTr3.swift */ = {isa = PBXFileReference; fileEncoding = 4; lastKnownFileType = sourcecode.swift; path = SkyTr3.swift; sourceTree = "<group>"; };
		8070495E23378ADB0001617D /* MetalShaderTypes.h */ = {isa = PBXFileReference; fileEncoding = 4; lastKnownFileType = sourcecode.c.h; path = MetalShaderTypes.h; sourceTree = "<group>"; };
		8070495F23378ADB0001617D /* cell.fredkin.metal */ = {isa = PBXFileReference; fileEncoding = 4; lastKnownFileType = sourcecode.metal; path = cell.fredkin.metal; sourceTree = "<group>"; };
		8070496023378ADB0001617D /* cell.average.metal */ = {isa = PBXFileReference; fileEncoding = 4; lastKnownFileType = sourcecode.metal; path = cell.average.metal; sourceTree = "<group>"; };
		8070496123378ADB0001617D /* cell.modulo.metal */ = {isa = PBXFileReference; fileEncoding = 4; lastKnownFileType = sourcecode.metal; path = cell.modulo.metal; sourceTree = "<group>"; };
		8070496223378ADB0001617D /* cell.fader.metal */ = {isa = PBXFileReference; fileEncoding = 4; lastKnownFileType = sourcecode.metal; path = cell.fader.metal; sourceTree = "<group>"; };
		8070496323378ADB0001617D /* pipeline.colorize.metal */ = {isa = PBXFileReference; fileEncoding = 4; lastKnownFileType = sourcecode.metal; path = pipeline.colorize.metal; sourceTree = "<group>"; };
		8070496423378ADB0001617D /* cell.timetunnel.metal */ = {isa = PBXFileReference; fileEncoding = 4; lastKnownFileType = sourcecode.metal; path = cell.timetunnel.metal; sourceTree = "<group>"; };
		8070496523378ADB0001617D /* cell.erode.metal */ = {isa = PBXFileReference; fileEncoding = 4; lastKnownFileType = sourcecode.metal; path = cell.erode.metal; sourceTree = "<group>"; };
		8070496623378ADB0001617D /* cell.zhabatinski.metal */ = {isa = PBXFileReference; fileEncoding = 4; lastKnownFileType = sourcecode.metal; path = cell.zhabatinski.metal; sourceTree = "<group>"; };
		8070496723378ADB0001617D /* pipeline.drawScroll.metal */ = {isa = PBXFileReference; fileEncoding = 4; lastKnownFileType = sourcecode.metal; path = pipeline.drawScroll.metal; sourceTree = "<group>"; };
		8070496823378ADB0001617D /* cell.melt.metal */ = {isa = PBXFileReference; fileEncoding = 4; lastKnownFileType = sourcecode.metal; path = cell.melt.metal; sourceTree = "<group>"; };
		8070496923378ADB0001617D /* pipeline.render.metal */ = {isa = PBXFileReference; fileEncoding = 4; lastKnownFileType = sourcecode.metal; path = pipeline.render.metal; sourceTree = "<group>"; };
		8070496A23378ADB0001617D /* cell.slide.metal */ = {isa = PBXFileReference; fileEncoding = 4; lastKnownFileType = sourcecode.metal; path = cell.slide.metal; sourceTree = "<group>"; };
		8070496C23378ADB0001617D /* SkyView.swift */ = {isa = PBXFileReference; fileEncoding = 4; lastKnownFileType = sourcecode.swift; path = SkyView.swift; sourceTree = "<group>"; };
		8070496D23378ADB0001617D /* TouchFinger.swift */ = {isa = PBXFileReference; fileEncoding = 4; lastKnownFileType = sourcecode.swift; path = TouchFinger.swift; sourceTree = "<group>"; };
		8070496F23378ADB0001617D /* TouchItem.swift */ = {isa = PBXFileReference; fileEncoding = 4; lastKnownFileType = sourcecode.swift; path = TouchItem.swift; sourceTree = "<group>"; };
		8070497023378ADB0001617D /* SkyDraw.swift */ = {isa = PBXFileReference; fileEncoding = 4; lastKnownFileType = sourcecode.swift; path = SkyDraw.swift; sourceTree = "<group>"; };
		8070497223378ADB0001617D /* WorkLink.swift */ = {isa = PBXFileReference; fileEncoding = 4; lastKnownFileType = sourcecode.swift; path = WorkLink.swift; sourceTree = "<group>"; };
		8070497323378ADB0001617D /* SkyPipeline.swift */ = {isa = PBXFileReference; fileEncoding = 4; lastKnownFileType = sourcecode.swift; path = SkyPipeline.swift; sourceTree = "<group>"; };
		8070497423378ADB0001617D /* SkyVC.swift */ = {isa = PBXFileReference; fileEncoding = 4; lastKnownFileType = sourcecode.swift; path = SkyVC.swift; sourceTree = "<group>"; };
		8070497523378ADB0001617D /* SkyMetal.swift */ = {isa = PBXFileReference; fileEncoding = 4; lastKnownFileType = sourcecode.swift; path = SkyMetal.swift; sourceTree = "<group>"; };
		8070497723378ADB0001617D /* SkyMain.swift */ = {isa = PBXFileReference; fileEncoding = 4; lastKnownFileType = sourcecode.swift; path = SkyMain.swift; sourceTree = "<group>"; };
		8070497823378ADB0001617D /* SkyColor.swift */ = {isa = PBXFileReference; fileEncoding = 4; lastKnownFileType = sourcecode.swift; path = SkyColor.swift; sourceTree = "<group>"; };
		8070497923378ADB0001617D /* SkyDock.swift */ = {isa = PBXFileReference; fileEncoding = 4; lastKnownFileType = sourcecode.swift; path = SkyDock.swift; sourceTree = "<group>"; };
		8070497B23378ADB0001617D /* Scratch2.h */ = {isa = PBXFileReference; fileEncoding = 4; lastKnownFileType = sourcecode.c.h; path = Scratch2.h; sourceTree = "<group>"; };
		80704A3123378B000001617D /* panel.cell.scroll.tr3 */ = {isa = PBXFileReference; explicitFileType = sourcecode.c.h; fileEncoding = 4; path = panel.cell.scroll.tr3; sourceTree = "<group>"; };
		80704A3223378B000001617D /* panel.shader.colorize.tr3 */ = {isa = PBXFileReference; explicitFileType = sourcecode.c.h; fileEncoding = 4; path = panel.shader.colorize.tr3; sourceTree = "<group>"; };
		80704A3323378B000001617D /* panel.cell.melt.tr3 */ = {isa = PBXFileReference; explicitFileType = sourcecode.c.h; fileEncoding = 4; path = panel.cell.melt.tr3; sourceTree = "<group>"; };
		80704A3423378B000001617D /* panel.cell.fredkin.tr3 */ = {isa = PBXFileReference; explicitFileType = sourcecode.c.h; fileEncoding = 4; path = panel.cell.fredkin.tr3; sourceTree = "<group>"; };
		80704A3523378B000001617D /* panel.shader.tile.tr3 */ = {isa = PBXFileReference; explicitFileType = sourcecode.c.h; fileEncoding = 4; path = panel.shader.tile.tr3; sourceTree = "<group>"; };
		80704A3623378B000001617D /* panel.cell.average.tr3 */ = {isa = PBXFileReference; explicitFileType = sourcecode.c.h; fileEncoding = 4; path = panel.cell.average.tr3; sourceTree = "<group>"; };
		80704A3723378B000001617D /* panel.cell.fader.tr3 */ = {isa = PBXFileReference; explicitFileType = sourcecode.c.h; fileEncoding = 4; path = panel.cell.fader.tr3; sourceTree = "<group>"; };
		80704A3823378B000001617D /* panel.cell.slide.tr3 */ = {isa = PBXFileReference; explicitFileType = sourcecode.c.h; fileEncoding = 4; path = panel.cell.slide.tr3; sourceTree = "<group>"; };
		80704A3923378B000001617D /* panel.shader.weave.tr3 */ = {isa = PBXFileReference; explicitFileType = sourcecode.c.h; fileEncoding = 4; path = panel.shader.weave.tr3; sourceTree = "<group>"; };
		80704A3A23378B000001617D /* panel.cell.gas.tr3 */ = {isa = PBXFileReference; explicitFileType = sourcecode.c.h; fileEncoding = 4; path = panel.cell.gas.tr3; sourceTree = "<group>"; };
		80704A3B23378B000001617D /* panel.cell.speed.tr3 */ = {isa = PBXFileReference; explicitFileType = sourcecode.c.h; fileEncoding = 4; path = panel.cell.speed.tr3; sourceTree = "<group>"; };
		80704A3C23378B000001617D /* panel.cell.tr3 */ = {isa = PBXFileReference; explicitFileType = sourcecode.c.h; fileEncoding = 4; path = panel.cell.tr3; sourceTree = "<group>"; };
		80704A3D23378B000001617D /* panel.cell.drift.tr3 */ = {isa = PBXFileReference; explicitFileType = sourcecode.c.h; fileEncoding = 4; path = panel.cell.drift.tr3; sourceTree = "<group>"; };
		80704A3E23378B000001617D /* panel.cell.brush.tr3 */ = {isa = PBXFileReference; explicitFileType = sourcecode.c.h; fileEncoding = 4; path = panel.cell.brush.tr3; sourceTree = "<group>"; };
		80704A4D23378B000001617D /* sky.shader.tr3 */ = {isa = PBXFileReference; explicitFileType = sourcecode.c.h; fileEncoding = 4; path = sky.shader.tr3; sourceTree = "<group>"; };
		80704A4F23378B000001617D /* panel.cell.modulo.tr3 */ = {isa = PBXFileReference; explicitFileType = sourcecode.c.h; fileEncoding = 4; path = panel.cell.modulo.tr3; sourceTree = "<group>"; };
		80704A5023378B000001617D /* panel.cell.zhabatinski.tr3 */ = {isa = PBXFileReference; explicitFileType = sourcecode.c.h; fileEncoding = 4; path = panel.cell.zhabatinski.tr3; sourceTree = "<group>"; };
		80704A5123378B000001617D /* sky.main.tr3 */ = {isa = PBXFileReference; explicitFileType = sourcecode.c.h; fileEncoding = 4; path = sky.main.tr3; sourceTree = "<group>"; };
		80704A5223378B000001617D /* panel.cell.timeTunnel.tr3 */ = {isa = PBXFileReference; explicitFileType = sourcecode.c.h; fileEncoding = 4; path = panel.cell.timeTunnel.tr3; sourceTree = "<group>"; };
		80704A7723378C1A0001617D /* Metal.framework */ = {isa = PBXFileReference; lastKnownFileType = wrapper.framework; name = Metal.framework; path = System/Library/Frameworks/Metal.framework; sourceTree = SDKROOT; };
		80704A7823378C1B0001617D /* MetalKit.framework */ = {isa = PBXFileReference; lastKnownFileType = wrapper.framework; name = MetalKit.framework; path = System/Library/Frameworks/MetalKit.framework; sourceTree = SDKROOT; };
		8079629025587F3C005BBFA6 /* panel.cell.midi.tr3 */ = {isa = PBXFileReference; explicitFileType = sourcecode.c.h; fileEncoding = 4; path = panel.cell.midi.tr3; sourceTree = "<group>"; };
		8079629E2558A415005BBFA6 /* scratch3.h */ = {isa = PBXFileReference; lastKnownFileType = sourcecode.c.h; path = scratch3.h; sourceTree = "<group>"; };
		8079629F2558B110005BBFA6 /* sky.shader.v2.tr3 */ = {isa = PBXFileReference; explicitFileType = sourcecode.c.h; fileEncoding = 4; path = sky.shader.v2.tr3; sourceTree = "<group>"; };
		807962A02558B110005BBFA6 /* panel.shader.weave.v2.tr3 */ = {isa = PBXFileReference; explicitFileType = sourcecode.c.h; fileEncoding = 4; path = panel.shader.weave.v2.tr3; sourceTree = "<group>"; };
		807962A12558B110005BBFA6 /* panel.shader.tile.v2.tr3 */ = {isa = PBXFileReference; explicitFileType = sourcecode.c.h; fileEncoding = 4; path = panel.shader.tile.v2.tr3; sourceTree = "<group>"; };
		807962AF2558B68E005BBFA6 /* panel.cell.v2.tr3 */ = {isa = PBXFileReference; explicitFileType = sourcecode.c.h; fileEncoding = 4; path = panel.cell.v2.tr3; sourceTree = "<group>"; };
		807962B02558B68E005BBFA6 /* panel.camera.v2.tr3 */ = {isa = PBXFileReference; explicitFileType = sourcecode.c.h; fileEncoding = 4; path = panel.camera.v2.tr3; sourceTree = "<group>"; };
		807962BE2558BB69005BBFA6 /* panel.cell.camera.v2.tr3 */ = {isa = PBXFileReference; explicitFileType = sourcecode.c.h; fileEncoding = 4; path = panel.cell.camera.v2.tr3; sourceTree = "<group>"; };
		807962BF2558BB69005BBFA6 /* panel.cell.brush.v2.tr3 */ = {isa = PBXFileReference; explicitFileType = sourcecode.c.h; fileEncoding = 4; path = panel.cell.brush.v2.tr3; sourceTree = "<group>"; };
		807962C02558BB69005BBFA6 /* panel.cell.record.v2.tr3 */ = {isa = PBXFileReference; explicitFileType = sourcecode.c.h; fileEncoding = 4; path = panel.cell.record.v2.tr3; sourceTree = "<group>"; };
		807962C12558BB69005BBFA6 /* panel.cell.midi.v2.tr3 */ = {isa = PBXFileReference; explicitFileType = sourcecode.c.h; fileEncoding = 4; path = panel.cell.midi.v2.tr3; sourceTree = "<group>"; };
		807962C22558BB69005BBFA6 /* panel.cell.speed.v2.tr3 */ = {isa = PBXFileReference; explicitFileType = sourcecode.c.h; fileEncoding = 4; path = panel.cell.speed.v2.tr3; sourceTree = "<group>"; };
		807962D32558C031005BBFA6 /* sky.midi.v2.tr3 */ = {isa = PBXFileReference; explicitFileType = sourcecode.c.h; fileEncoding = 4; path = sky.midi.v2.tr3; sourceTree = "<group>"; };
		807962D42558C031005BBFA6 /* sky.main.v2.tr3 */ = {isa = PBXFileReference; explicitFileType = sourcecode.c.h; fileEncoding = 4; path = sky.main.v2.tr3; sourceTree = "<group>"; };
		807962DF2558C3B2005BBFA6 /* panel.cell.gas.v2.tr3 */ = {isa = PBXFileReference; explicitFileType = sourcecode.c.h; fileEncoding = 4; path = panel.cell.gas.v2.tr3; sourceTree = "<group>"; };
		807962E02558C3B2005BBFA6 /* panel.cell.timeTunnel.v2.tr3 */ = {isa = PBXFileReference; explicitFileType = sourcecode.c.h; fileEncoding = 4; path = panel.cell.timeTunnel.v2.tr3; sourceTree = "<group>"; };
		807962E12558C3B2005BBFA6 /* panel.cell.fader.v2.tr3 */ = {isa = PBXFileReference; explicitFileType = sourcecode.c.h; fileEncoding = 4; path = panel.cell.fader.v2.tr3; sourceTree = "<group>"; };
		807962E22558C3B2005BBFA6 /* panel.cell.drift.v2.tr3 */ = {isa = PBXFileReference; explicitFileType = sourcecode.c.h; fileEncoding = 4; path = panel.cell.drift.v2.tr3; sourceTree = "<group>"; };
		807962E32558C3B2005BBFA6 /* panel.cell.average.v2.tr3 */ = {isa = PBXFileReference; explicitFileType = sourcecode.c.h; fileEncoding = 4; path = panel.cell.average.v2.tr3; sourceTree = "<group>"; };
		807962E42558C3B2005BBFA6 /* panel.cell.zhabatinski.v2.tr3 */ = {isa = PBXFileReference; explicitFileType = sourcecode.c.h; fileEncoding = 4; path = panel.cell.zhabatinski.v2.tr3; sourceTree = "<group>"; };
		807962E52558C3B3005BBFA6 /* panel.cell.melt.v2.tr3 */ = {isa = PBXFileReference; explicitFileType = sourcecode.c.h; fileEncoding = 4; path = panel.cell.melt.v2.tr3; sourceTree = "<group>"; };
		807962E62558C3B3005BBFA6 /* panel.cell.modulo.v2.tr3 */ = {isa = PBXFileReference; explicitFileType = sourcecode.c.h; fileEncoding = 4; path = panel.cell.modulo.v2.tr3; sourceTree = "<group>"; };
		807962E72558C3B3005BBFA6 /* panel.cell.slide.v2.tr3 */ = {isa = PBXFileReference; explicitFileType = sourcecode.c.h; fileEncoding = 4; path = panel.cell.slide.v2.tr3; sourceTree = "<group>"; };
		807962E82558C3B3005BBFA6 /* panel.cell.fredkin.v2.tr3 */ = {isa = PBXFileReference; explicitFileType = sourcecode.c.h; fileEncoding = 4; path = panel.cell.fredkin.v2.tr3; sourceTree = "<group>"; };
		8082FD8624B2589A002F880A /* scratch1.h */ = {isa = PBXFileReference; lastKnownFileType = sourcecode.c.h; path = scratch1.h; sourceTree = "<group>"; };
		808E90D823384CCD004EB9C9 /* MuFile.swift */ = {isa = PBXFileReference; lastKnownFileType = sourcecode.swift; path = MuFile.swift; sourceTree = "<group>"; };
		808E90DD2338B532004EB9C9 /* FileManager+extension.swift */ = {isa = PBXFileReference; lastKnownFileType = sourcecode.swift; path = "FileManager+extension.swift"; sourceTree = "<group>"; };
		80951DA723A1AA2700FB9DFA /* SkyPipeline+update.swift */ = {isa = PBXFileReference; lastKnownFileType = sourcecode.swift; path = "SkyPipeline+update.swift"; sourceTree = "<group>"; };
		80B8ACCA23761B9D00F80DB0 /* panel.cell.record.tr3 */ = {isa = PBXFileReference; explicitFileType = sourcecode.c.h; fileEncoding = 4; path = panel.cell.record.tr3; sourceTree = "<group>"; };
		80B9E12425169D0E0074AEEA /* MuMidi.swift */ = {isa = PBXFileReference; lastKnownFileType = sourcecode.swift; path = MuMidi.swift; sourceTree = SOURCE_ROOT; };
		80C07528253226590008820D /* MuColor */ = {isa = PBXFileReference; lastKnownFileType = folder; name = MuColor; path = "Mu Packages/MuColor"; sourceTree = "<group>"; };
		80C0752C253226820008820D /* MuCubic */ = {isa = PBXFileReference; lastKnownFileType = folder; name = MuCubic; path = "Mu Packages/MuColor/MuCubic"; sourceTree = "<group>"; };
		80C075312532268F0008820D /* MuDrawBox.swift */ = {isa = PBXFileReference; fileEncoding = 4; lastKnownFileType = sourcecode.swift; path = MuDrawBox.swift; sourceTree = "<group>"; };
		80C075322532268F0008820D /* MuDrawBubble.swift */ = {isa = PBXFileReference; fileEncoding = 4; lastKnownFileType = sourcecode.swift; path = MuDrawBubble.swift; sourceTree = "<group>"; };
		80C075332532268F0008820D /* ColorRGBA.swift */ = {isa = PBXFileReference; fileEncoding = 4; lastKnownFileType = sourcecode.swift; path = ColorRGBA.swift; sourceTree = "<group>"; };
		80C075342532268F0008820D /* MuBezel.swift */ = {isa = PBXFileReference; fileEncoding = 4; lastKnownFileType = sourcecode.swift; path = MuBezel.swift; sourceTree = "<group>"; };
		80C075352532268F0008820D /* MuDrawCircle.swift */ = {isa = PBXFileReference; fileEncoding = 4; lastKnownFileType = sourcecode.swift; path = MuDrawCircle.swift; sourceTree = "<group>"; };
		80C0753E253226950008820D /* MuExtensions */ = {isa = PBXFileReference; lastKnownFileType = folder; name = MuExtensions; path = "Mu Packages/MuExtensions"; sourceTree = "<group>"; };
		80C07542253226990008820D /* MuMetal */ = {isa = PBXFileReference; lastKnownFileType = folder; name = MuMetal; path = "Mu Packages/MuMetal"; sourceTree = "<group>"; };
		80C075462532269E0008820D /* MuUtilities */ = {isa = PBXFileReference; lastKnownFileType = folder; name = MuUtilities; path = "Mu Packages/MuUtilities"; sourceTree = "<group>"; };
		80C0754A253226A20008820D /* Tr3Thumb */ = {isa = PBXFileReference; lastKnownFileType = folder; name = Tr3Thumb; path = "Mu Packages/Tr3Thumb"; sourceTree = "<group>"; };
		80DA1E5825212D4B00AE5C3C /* sky.midi.tr3 */ = {isa = PBXFileReference; explicitFileType = sourcecode.c.h; fileEncoding = 4; path = sky.midi.tr3; sourceTree = "<group>"; };
		80DC21842337ACFB00B99CD9 /* Assets.xcassets */ = {isa = PBXFileReference; lastKnownFileType = folder.assetcatalog; path = Assets.xcassets; sourceTree = "<group>"; };
		80DC21852337ADB000B99CD9 /* LaunchScreen.storyboard */ = {isa = PBXFileReference; fileEncoding = 4; lastKnownFileType = file.storyboard; path = LaunchScreen.storyboard; sourceTree = "<group>"; };
		80DC21862337ADB000B99CD9 /* Main.storyboard */ = {isa = PBXFileReference; fileEncoding = 4; lastKnownFileType = file.storyboard; path = Main.storyboard; sourceTree = "<group>"; };
		80F846E0234D016A009022F7 /* cell.camera.metal */ = {isa = PBXFileReference; fileEncoding = 4; lastKnownFileType = sourcecode.metal; path = cell.camera.metal; sourceTree = "<group>"; };
		80F846E2234D01D2009022F7 /* panel.cell.camera.tr3 */ = {isa = PBXFileReference; explicitFileType = sourcecode.c.h; fileEncoding = 4; path = panel.cell.camera.tr3; sourceTree = "<group>"; };
/* End PBXFileReference section */

/* Begin PBXFrameworksBuildPhase section */
		807048E423378A090001617D /* Frameworks */ = {
			isa = PBXFrameworksBuildPhase;
			buildActionMask = 2147483647;
			files = (
				80C07555253226E00008820D /* MuMetal in Frameworks */,
				80C07557253226E00008820D /* MuUtilities in Frameworks */,
				80C0754F253226E00008820D /* MuColor in Frameworks */,
				80C07551253226E00008820D /* MuCubic in Frameworks */,
				8062A7C225168FB300E61D38 /* AudioKit in Frameworks */,
				80704B3C23378DB40001617D /* Tr3 in Frameworks */,
				80704A7923378C1B0001617D /* Metal.framework in Frameworks */,
				80704A7A23378C1B0001617D /* MetalKit.framework in Frameworks */,
				80C07553253226E00008820D /* MuExtensions in Frameworks */,
				80C07559253226E00008820D /* Tr3Thumb in Frameworks */,
				808E90DC2338B4D0004EB9C9 /* ZIPFoundation in Frameworks */,
			);
			runOnlyForDeploymentPostprocessing = 0;
		};
		807048FA23378A0B0001617D /* Frameworks */ = {
			isa = PBXFrameworksBuildPhase;
			buildActionMask = 2147483647;
			files = (
			);
			runOnlyForDeploymentPostprocessing = 0;
		};
		8070490523378A0B0001617D /* Frameworks */ = {
			isa = PBXFrameworksBuildPhase;
			buildActionMask = 2147483647;
			files = (
			);
			runOnlyForDeploymentPostprocessing = 0;
		};
/* End PBXFrameworksBuildPhase section */

/* Begin PBXGroup section */
		807048DE23378A090001617D = {
			isa = PBXGroup;
			children = (
				8079629E2558A415005BBFA6 /* scratch3.h */,
				8070497B23378ADB0001617D /* Scratch2.h */,
				8082FD8624B2589A002F880A /* scratch1.h */,
				801A59E825326BA700B143DA /* Tr3 */,
				807048E923378A090001617D /* MuseSky */,
				8070495B23378ADB0001617D /* Sky */,
				80704A3023378B000001617D /* tr3 */,
				80B9E12325169B6F0074AEEA /* MuAudio */,
				80C07528253226590008820D /* MuColor */,
				80C0752C253226820008820D /* MuCubic */,
				80C075302532268F0008820D /* MuDraw */,
				80C0753E253226950008820D /* MuExtensions */,
				808E90D723384C94004EB9C9 /* MuFiles */,
				80C07542253226990008820D /* MuMetal */,
				80C075462532269E0008820D /* MuUtilities */,
				80C0754A253226A20008820D /* Tr3Thumb */,
				8070490023378A0B0001617D /* MuseSkyTests */,
				8070490B23378A0B0001617D /* MuseSkyUITests */,
				807048E823378A090001617D /* Products */,
				80704A7623378C1A0001617D /* Frameworks */,
			);
			sourceTree = "<group>";
		};
		807048E823378A090001617D /* Products */ = {
			isa = PBXGroup;
			children = (
				807048E723378A090001617D /* Muse Sky.app */,
				807048FD23378A0B0001617D /* MuseSkyTests.xctest */,
				8070490823378A0B0001617D /* MuseSkyUITests.xctest */,
			);
			name = Products;
			sourceTree = "<group>";
		};
		807048E923378A090001617D /* MuseSky */ = {
			isa = PBXGroup;
			children = (
				80DC21842337ACFB00B99CD9 /* Assets.xcassets */,
				80DC21852337ADB000B99CD9 /* LaunchScreen.storyboard */,
				80DC21862337ADB000B99CD9 /* Main.storyboard */,
				807048EA23378A090001617D /* AppDelegate.swift */,
				807048EC23378A090001617D /* SceneDelegate.swift */,
				807048F823378A0B0001617D /* Info.plist */,
			);
			path = MuseSky;
			sourceTree = "<group>";
		};
		8070490023378A0B0001617D /* MuseSkyTests */ = {
			isa = PBXGroup;
			children = (
				8070490123378A0B0001617D /* MuseSkyTests.swift */,
				8070490323378A0B0001617D /* Info.plist */,
			);
			path = MuseSkyTests;
			sourceTree = "<group>";
		};
		8070490B23378A0B0001617D /* MuseSkyUITests */ = {
			isa = PBXGroup;
			children = (
				8070490C23378A0B0001617D /* MuseSkyUITests.swift */,
				8070490E23378A0B0001617D /* Info.plist */,
			);
			path = MuseSkyUITests;
			sourceTree = "<group>";
		};
		8070495B23378ADB0001617D /* Sky */ = {
			isa = PBXGroup;
			children = (
				8070497423378ADB0001617D /* SkyVC.swift */,
				8070495C23378ADB0001617D /* SkyTr3.swift */,
				8070497323378ADB0001617D /* SkyPipeline.swift */,
				80951DA723A1AA2700FB9DFA /* SkyPipeline+update.swift */,
				8070495D23378ADB0001617D /* Metal */,
				8070496B23378ADB0001617D /* Touch */,
				8070497223378ADB0001617D /* WorkLink.swift */,
				8070497523378ADB0001617D /* SkyMetal.swift */,
				8070497723378ADB0001617D /* SkyMain.swift */,
				8070497823378ADB0001617D /* SkyColor.swift */,
				8070497923378ADB0001617D /* SkyDock.swift */,
			);
			path = Sky;
			sourceTree = "<group>";
		};
		8070495D23378ADB0001617D /* Metal */ = {
			isa = PBXGroup;
			children = (
				8070495E23378ADB0001617D /* MetalShaderTypes.h */,
				8070496323378ADB0001617D /* pipeline.colorize.metal */,
				8070496923378ADB0001617D /* pipeline.render.metal */,
				8070496723378ADB0001617D /* pipeline.drawScroll.metal */,
				80F846E0234D016A009022F7 /* cell.camera.metal */,
				80703D3C23A04F570093C016 /* cell.camix.metal */,
				8070495F23378ADB0001617D /* cell.fredkin.metal */,
				8070496023378ADB0001617D /* cell.average.metal */,
				8070496123378ADB0001617D /* cell.modulo.metal */,
				8070496223378ADB0001617D /* cell.fader.metal */,
				8070496423378ADB0001617D /* cell.timetunnel.metal */,
				8070496523378ADB0001617D /* cell.erode.metal */,
				8070496623378ADB0001617D /* cell.zhabatinski.metal */,
				8070496823378ADB0001617D /* cell.melt.metal */,
				8070496A23378ADB0001617D /* cell.slide.metal */,
			);
			path = Metal;
			sourceTree = "<group>";
		};
		8070496B23378ADB0001617D /* Touch */ = {
			isa = PBXGroup;
			children = (
				8070496C23378ADB0001617D /* SkyView.swift */,
				8070496D23378ADB0001617D /* TouchFinger.swift */,
				8070496F23378ADB0001617D /* TouchItem.swift */,
				8070497023378ADB0001617D /* SkyDraw.swift */,
			);
			path = Touch;
			sourceTree = "<group>";
		};
		80704A3023378B000001617D /* tr3 */ = {
			isa = PBXGroup;
			children = (
				807962D12558BF8F005BBFA6 /* v1 */,
				807962D22558BF95005BBFA6 /* v2 */,
				80B8ACA72375E6A100F80DB0 /* shader */,
				80B8ACA62375E65900F80DB0 /* panel.cell */,
			);
			path = tr3;
			sourceTree = "<group>";
		};
		80704A7623378C1A0001617D /* Frameworks */ = {
			isa = PBXGroup;
			children = (
				80704A7723378C1A0001617D /* Metal.framework */,
				80704A7823378C1B0001617D /* MetalKit.framework */,
			);
			name = Frameworks;
			sourceTree = "<group>";
		};
		807962AB2558B5F3005BBFA6 /* v2 */ = {
			isa = PBXGroup;
			children = (
				807962A12558B110005BBFA6 /* panel.shader.tile.v2.tr3 */,
				807962A02558B110005BBFA6 /* panel.shader.weave.v2.tr3 */,
				8079629F2558B110005BBFA6 /* sky.shader.v2.tr3 */,
				802650DD25574BC9005B4119 /* panel.shader.colorize.v2.tr3 */,
				802650D025574388005B4119 /* panel.shader.colorize.tr3.json */,
			);
			path = v2;
			sourceTree = "<group>";
		};
		807962B62558B693005BBFA6 /* v2 */ = {
			isa = PBXGroup;
			children = (
				807962B02558B68E005BBFA6 /* panel.camera.v2.tr3 */,
				807962AF2558B68E005BBFA6 /* panel.cell.v2.tr3 */,
			);
			path = v2;
			sourceTree = "<group>";
		};
		807962BD2558BAFF005BBFA6 /* v2 */ = {
			isa = PBXGroup;
			children = (
				802650EB25575DBF005B4119 /* panel.cell.scroll.v2.tr3 */,
				807962BF2558BB69005BBFA6 /* panel.cell.brush.v2.tr3 */,
				807962BE2558BB69005BBFA6 /* panel.cell.camera.v2.tr3 */,
				807962C12558BB69005BBFA6 /* panel.cell.midi.v2.tr3 */,
				807962C02558BB69005BBFA6 /* panel.cell.record.v2.tr3 */,
				807962C22558BB69005BBFA6 /* panel.cell.speed.v2.tr3 */,
			);
			path = v2;
			sourceTree = "<group>";
		};
		807962CE2558BF62005BBFA6 /* v1 */ = {
			isa = PBXGroup;
			children = (
				8079629025587F3C005BBFA6 /* panel.cell.midi.tr3 */,
				80704A3B23378B000001617D /* panel.cell.speed.tr3 */,
				80F846E2234D01D2009022F7 /* panel.cell.camera.tr3 */,
				80B8ACCA23761B9D00F80DB0 /* panel.cell.record.tr3 */,
				80704A3E23378B000001617D /* panel.cell.brush.tr3 */,
				80704A3123378B000001617D /* panel.cell.scroll.tr3 */,
			);
			path = v1;
			sourceTree = "<group>";
		};
		807962CF2558BF6F005BBFA6 /* v1 */ = {
			isa = PBXGroup;
			children = (
				801D953823A2A34300ABCF7F /* panel.camera.tr3 */,
				80704A3C23378B000001617D /* panel.cell.tr3 */,
			);
			path = v1;
			sourceTree = "<group>";
		};
		807962D02558BF7C005BBFA6 /* v1 */ = {
			isa = PBXGroup;
			children = (
				80704A3223378B000001617D /* panel.shader.colorize.tr3 */,
				80704A4D23378B000001617D /* sky.shader.tr3 */,
				80704A3923378B000001617D /* panel.shader.weave.tr3 */,
				80704A3523378B000001617D /* panel.shader.tile.tr3 */,
			);
			path = v1;
			sourceTree = "<group>";
		};
		807962D12558BF8F005BBFA6 /* v1 */ = {
			isa = PBXGroup;
			children = (
				80DA1E5825212D4B00AE5C3C /* sky.midi.tr3 */,
				80704A5123378B000001617D /* sky.main.tr3 */,
			);
			path = v1;
			sourceTree = "<group>";
		};
		807962D22558BF95005BBFA6 /* v2 */ = {
			isa = PBXGroup;
			children = (
				807962D42558C031005BBFA6 /* sky.main.v2.tr3 */,
				807962D32558C031005BBFA6 /* sky.midi.v2.tr3 */,
			);
			path = v2;
			sourceTree = "<group>";
		};
		807962DD2558C320005BBFA6 /* v1 */ = {
			isa = PBXGroup;
			children = (
				80704A3323378B000001617D /* panel.cell.melt.tr3 */,
				80704A3423378B000001617D /* panel.cell.fredkin.tr3 */,
				80704A3623378B000001617D /* panel.cell.average.tr3 */,
				80704A3723378B000001617D /* panel.cell.fader.tr3 */,
				80704A3823378B000001617D /* panel.cell.slide.tr3 */,
				80704A3A23378B000001617D /* panel.cell.gas.tr3 */,
				80704A3D23378B000001617D /* panel.cell.drift.tr3 */,
				80704A4F23378B000001617D /* panel.cell.modulo.tr3 */,
				80704A5023378B000001617D /* panel.cell.zhabatinski.tr3 */,
				80704A5223378B000001617D /* panel.cell.timeTunnel.tr3 */,
			);
			path = v1;
			sourceTree = "<group>";
		};
		807962DE2558C32A005BBFA6 /* v2 */ = {
			isa = PBXGroup;
			children = (
				807962E32558C3B2005BBFA6 /* panel.cell.average.v2.tr3 */,
				807962E22558C3B2005BBFA6 /* panel.cell.drift.v2.tr3 */,
				807962E12558C3B2005BBFA6 /* panel.cell.fader.v2.tr3 */,
				807962E82558C3B3005BBFA6 /* panel.cell.fredkin.v2.tr3 */,
				807962DF2558C3B2005BBFA6 /* panel.cell.gas.v2.tr3 */,
				807962E52558C3B3005BBFA6 /* panel.cell.melt.v2.tr3 */,
				807962E62558C3B3005BBFA6 /* panel.cell.modulo.v2.tr3 */,
				807962E72558C3B3005BBFA6 /* panel.cell.slide.v2.tr3 */,
				807962E02558C3B2005BBFA6 /* panel.cell.timeTunnel.v2.tr3 */,
				807962E42558C3B2005BBFA6 /* panel.cell.zhabatinski.v2.tr3 */,
			);
			path = v2;
			sourceTree = "<group>";
		};
		808E90D723384C94004EB9C9 /* MuFiles */ = {
			isa = PBXGroup;
			children = (
				808E90D823384CCD004EB9C9 /* MuFile.swift */,
				808E90DD2338B532004EB9C9 /* FileManager+extension.swift */,
			);
			path = MuFiles;
			sourceTree = "<group>";
		};
		80B8ACA62375E65900F80DB0 /* panel.cell */ = {
			isa = PBXGroup;
			children = (
				807962CF2558BF6F005BBFA6 /* v1 */,
				807962B62558B693005BBFA6 /* v2 */,
				80B8ACCC23761BF500F80DB0 /* other */,
				80B8ACA82375E6CD00F80DB0 /* rule */,
			);
			path = panel.cell;
			sourceTree = "<group>";
		};
		80B8ACA72375E6A100F80DB0 /* shader */ = {
			isa = PBXGroup;
			children = (
				807962D02558BF7C005BBFA6 /* v1 */,
				807962AB2558B5F3005BBFA6 /* v2 */,
			);
			path = shader;
			sourceTree = "<group>";
		};
		80B8ACA82375E6CD00F80DB0 /* rule */ = {
			isa = PBXGroup;
			children = (
				807962DD2558C320005BBFA6 /* v1 */,
				807962DE2558C32A005BBFA6 /* v2 */,
			);
			path = rule;
			sourceTree = "<group>";
		};
		80B8ACCC23761BF500F80DB0 /* other */ = {
			isa = PBXGroup;
			children = (
				807962CE2558BF62005BBFA6 /* v1 */,
				807962BD2558BAFF005BBFA6 /* v2 */,
			);
			path = other;
			sourceTree = "<group>";
		};
		80B9E12325169B6F0074AEEA /* MuAudio */ = {
			isa = PBXGroup;
			children = (
				80B9E12425169D0E0074AEEA /* MuMidi.swift */,
			);
			path = MuAudio;
			sourceTree = "<group>";
		};
		80C075302532268F0008820D /* MuDraw */ = {
			isa = PBXGroup;
			children = (
				80C075312532268F0008820D /* MuDrawBox.swift */,
				80C075322532268F0008820D /* MuDrawBubble.swift */,
				80C075332532268F0008820D /* ColorRGBA.swift */,
				80C075342532268F0008820D /* MuBezel.swift */,
				80C075352532268F0008820D /* MuDrawCircle.swift */,
			);
			name = MuDraw;
			path = "Mu Packages/MuDraw";
			sourceTree = "<group>";
		};
/* End PBXGroup section */

/* Begin PBXNativeTarget section */
		807048E623378A090001617D /* MuseSky */ = {
			isa = PBXNativeTarget;
			buildConfigurationList = 8070491123378A0B0001617D /* Build configuration list for PBXNativeTarget "MuseSky" */;
			buildPhases = (
				807048E323378A090001617D /* Sources */,
				807048E423378A090001617D /* Frameworks */,
				807048E523378A090001617D /* Resources */,
			);
			buildRules = (
			);
			dependencies = (
			);
			name = MuseSky;
			packageProductDependencies = (
				80704B3B23378DB40001617D /* Tr3 */,
				808E90DB2338B4D0004EB9C9 /* ZIPFoundation */,
				8062A7C125168FB300E61D38 /* AudioKit */,
				80C0754E253226E00008820D /* MuColor */,
				80C07550253226E00008820D /* MuCubic */,
				80C07552253226E00008820D /* MuExtensions */,
				80C07554253226E00008820D /* MuMetal */,
				80C07556253226E00008820D /* MuUtilities */,
				80C07558253226E00008820D /* Tr3Thumb */,
			);
			productName = MuseSky;
			productReference = 807048E723378A090001617D /* Muse Sky.app */;
			productType = "com.apple.product-type.application";
		};
		807048FC23378A0B0001617D /* MuseSkyTests */ = {
			isa = PBXNativeTarget;
			buildConfigurationList = 8070491423378A0B0001617D /* Build configuration list for PBXNativeTarget "MuseSkyTests" */;
			buildPhases = (
				807048F923378A0B0001617D /* Sources */,
				807048FA23378A0B0001617D /* Frameworks */,
				807048FB23378A0B0001617D /* Resources */,
			);
			buildRules = (
			);
			dependencies = (
				807048FF23378A0B0001617D /* PBXTargetDependency */,
			);
			name = MuseSkyTests;
			productName = MuseSkyTests;
			productReference = 807048FD23378A0B0001617D /* MuseSkyTests.xctest */;
			productType = "com.apple.product-type.bundle.unit-test";
		};
		8070490723378A0B0001617D /* MuseSkyUITests */ = {
			isa = PBXNativeTarget;
			buildConfigurationList = 8070491723378A0B0001617D /* Build configuration list for PBXNativeTarget "MuseSkyUITests" */;
			buildPhases = (
				8070490423378A0B0001617D /* Sources */,
				8070490523378A0B0001617D /* Frameworks */,
				8070490623378A0B0001617D /* Resources */,
			);
			buildRules = (
			);
			dependencies = (
				8070490A23378A0B0001617D /* PBXTargetDependency */,
			);
			name = MuseSkyUITests;
			productName = MuseSkyUITests;
			productReference = 8070490823378A0B0001617D /* MuseSkyUITests.xctest */;
			productType = "com.apple.product-type.bundle.ui-testing";
		};
/* End PBXNativeTarget section */

/* Begin PBXProject section */
		807048DF23378A090001617D /* Project object */ = {
			isa = PBXProject;
			attributes = {
				LastSwiftUpdateCheck = 1100;
				LastUpgradeCheck = 1100;
				ORGANIZATIONNAME = Muse;
				TargetAttributes = {
					807048E623378A090001617D = {
						CreatedOnToolsVersion = 11.0;
					};
					807048FC23378A0B0001617D = {
						CreatedOnToolsVersion = 11.0;
						TestTargetID = 807048E623378A090001617D;
					};
					8070490723378A0B0001617D = {
						CreatedOnToolsVersion = 11.0;
						TestTargetID = 807048E623378A090001617D;
					};
				};
			};
			buildConfigurationList = 807048E223378A090001617D /* Build configuration list for PBXProject "MuseSky" */;
			compatibilityVersion = "Xcode 9.3";
			developmentRegion = en;
			hasScannedForEncodings = 0;
			knownRegions = (
				en,
				Base,
			);
			mainGroup = 807048DE23378A090001617D;
			packageReferences = (
				80704B3A23378DB40001617D /* XCRemoteSwiftPackageReference "Tr3" */,
				808E90DA2338B4D0004EB9C9 /* XCRemoteSwiftPackageReference "ZIPFoundation" */,
				8062A7C025168FB300E61D38 /* XCRemoteSwiftPackageReference "AudioKit" */,
			);
			productRefGroup = 807048E823378A090001617D /* Products */;
			projectDirPath = "";
			projectRoot = "";
			targets = (
				807048E623378A090001617D /* MuseSky */,
				807048FC23378A0B0001617D /* MuseSkyTests */,
				8070490723378A0B0001617D /* MuseSkyUITests */,
			);
		};
/* End PBXProject section */

/* Begin PBXResourcesBuildPhase section */
		807048E523378A090001617D /* Resources */ = {
			isa = PBXResourcesBuildPhase;
			buildActionMask = 2147483647;
			files = (
				80704A7323378B000001617D /* panel.cell.timeTunnel.tr3 in Resources */,
				807962A22558B110005BBFA6 /* sky.shader.v2.tr3 in Resources */,
				802650EC25575DBF005B4119 /* panel.cell.scroll.v2.tr3 in Resources */,
				801D953923A2A34300ABCF7F /* panel.camera.tr3 in Resources */,
				807962B12558B68E005BBFA6 /* panel.cell.v2.tr3 in Resources */,
				80704A6E23378B000001617D /* sky.shader.tr3 in Resources */,
				80704A5923378B000001617D /* panel.cell.fader.tr3 in Resources */,
				807962C32558BB69005BBFA6 /* panel.cell.camera.v2.tr3 in Resources */,
				807962C42558BB69005BBFA6 /* panel.cell.brush.v2.tr3 in Resources */,
				807962ED2558C3B3005BBFA6 /* panel.cell.average.v2.tr3 in Resources */,
				80704A5C23378B000001617D /* panel.cell.gas.tr3 in Resources */,
				80DC21892337AE9300B99CD9 /* Assets.xcassets in Resources */,
				807962D62558C031005BBFA6 /* sky.main.v2.tr3 in Resources */,
				80704A7023378B000001617D /* panel.cell.modulo.tr3 in Resources */,
				807962C62558BB69005BBFA6 /* panel.cell.midi.v2.tr3 in Resources */,
				80DC21882337ADB000B99CD9 /* Main.storyboard in Resources */,
				807962B22558B68E005BBFA6 /* panel.camera.v2.tr3 in Resources */,
				802650DE25574BC9005B4119 /* panel.shader.colorize.v2.tr3 in Resources */,
				80704A5523378B000001617D /* panel.cell.melt.tr3 in Resources */,
				80704A7123378B000001617D /* panel.cell.zhabatinski.tr3 in Resources */,
				80704A6023378B000001617D /* panel.cell.brush.tr3 in Resources */,
				807962EA2558C3B3005BBFA6 /* panel.cell.timeTunnel.v2.tr3 in Resources */,
				80704A5B23378B000001617D /* panel.shader.weave.tr3 in Resources */,
				807962D52558C031005BBFA6 /* sky.midi.v2.tr3 in Resources */,
				80704A5D23378B000001617D /* panel.cell.speed.tr3 in Resources */,
				807962A32558B110005BBFA6 /* panel.shader.weave.v2.tr3 in Resources */,
				80704A5823378B000001617D /* panel.cell.average.tr3 in Resources */,
				807962C72558BB69005BBFA6 /* panel.cell.speed.v2.tr3 in Resources */,
				80704A5623378B000001617D /* panel.cell.fredkin.tr3 in Resources */,
				80704A7223378B000001617D /* sky.main.tr3 in Resources */,
				80B8ACCB23761B9D00F80DB0 /* panel.cell.record.tr3 in Resources */,
				80DA1E5925212D4B00AE5C3C /* sky.midi.tr3 in Resources */,
				80704A5A23378B000001617D /* panel.cell.slide.tr3 in Resources */,
				807962EF2558C3B3005BBFA6 /* panel.cell.melt.v2.tr3 in Resources */,
				807962C52558BB69005BBFA6 /* panel.cell.record.v2.tr3 in Resources */,
				807962F02558C3B3005BBFA6 /* panel.cell.modulo.v2.tr3 in Resources */,
				80F846E3234D01D2009022F7 /* panel.cell.camera.tr3 in Resources */,
				807962EB2558C3B3005BBFA6 /* panel.cell.fader.v2.tr3 in Resources */,
				80704A5F23378B000001617D /* panel.cell.drift.tr3 in Resources */,
				8079629125587F3C005BBFA6 /* panel.cell.midi.tr3 in Resources */,
				807962EE2558C3B3005BBFA6 /* panel.cell.zhabatinski.v2.tr3 in Resources */,
				807962E92558C3B3005BBFA6 /* panel.cell.gas.v2.tr3 in Resources */,
				80704A5E23378B000001617D /* panel.cell.tr3 in Resources */,
				807962F12558C3B3005BBFA6 /* panel.cell.slide.v2.tr3 in Resources */,
				807962A42558B110005BBFA6 /* panel.shader.tile.v2.tr3 in Resources */,
				807962EC2558C3B3005BBFA6 /* panel.cell.drift.v2.tr3 in Resources */,
				80704A5723378B000001617D /* panel.shader.tile.tr3 in Resources */,
				80DC21872337ADB000B99CD9 /* LaunchScreen.storyboard in Resources */,
				80704A5423378B000001617D /* panel.shader.colorize.tr3 in Resources */,
				80704A5323378B000001617D /* panel.cell.scroll.tr3 in Resources */,
				807962F22558C3B3005BBFA6 /* panel.cell.fredkin.v2.tr3 in Resources */,
			);
			runOnlyForDeploymentPostprocessing = 0;
		};
		807048FB23378A0B0001617D /* Resources */ = {
			isa = PBXResourcesBuildPhase;
			buildActionMask = 2147483647;
			files = (
			);
			runOnlyForDeploymentPostprocessing = 0;
		};
		8070490623378A0B0001617D /* Resources */ = {
			isa = PBXResourcesBuildPhase;
			buildActionMask = 2147483647;
			files = (
			);
			runOnlyForDeploymentPostprocessing = 0;
		};
/* End PBXResourcesBuildPhase section */

/* Begin PBXSourcesBuildPhase section */
		807048E323378A090001617D /* Sources */ = {
			isa = PBXSourcesBuildPhase;
			buildActionMask = 2147483647;
			files = (
				807049F123378ADC0001617D /* cell.fader.metal in Sources */,
				807049F723378ADC0001617D /* cell.melt.metal in Sources */,
				80704A0523378ADC0001617D /* SkyMain.swift in Sources */,
				80704A0023378ADC0001617D /* WorkLink.swift in Sources */,
				807049FA23378ADC0001617D /* SkyView.swift in Sources */,
				808E90DE2338B532004EB9C9 /* FileManager+extension.swift in Sources */,
				807049F623378ADC0001617D /* pipeline.drawScroll.metal in Sources */,
				80703D3D23A04F570093C016 /* cell.camix.metal in Sources */,
				807049F323378ADC0001617D /* cell.timetunnel.metal in Sources */,
				80C075362532268F0008820D /* MuDrawBox.swift in Sources */,
				807049EF23378ADC0001617D /* cell.average.metal in Sources */,
				807048EB23378A090001617D /* AppDelegate.swift in Sources */,
				80704A0123378ADC0001617D /* SkyPipeline.swift in Sources */,
				807049ED23378ADC0001617D /* SkyTr3.swift in Sources */,
				80C0753A2532268F0008820D /* MuDrawCircle.swift in Sources */,
				807048ED23378A090001617D /* SceneDelegate.swift in Sources */,
				80704A0623378ADC0001617D /* SkyColor.swift in Sources */,
				807049FE23378ADC0001617D /* SkyDraw.swift in Sources */,
				807049F523378ADC0001617D /* cell.zhabatinski.metal in Sources */,
				807049F923378ADC0001617D /* cell.slide.metal in Sources */,
				80951DA823A1AA2700FB9DFA /* SkyPipeline+update.swift in Sources */,
				807049F223378ADC0001617D /* pipeline.colorize.metal in Sources */,
				80C075382532268F0008820D /* ColorRGBA.swift in Sources */,
				807049FD23378ADC0001617D /* TouchItem.swift in Sources */,
				80B9E12525169D0E0074AEEA /* MuMidi.swift in Sources */,
				807049FB23378ADC0001617D /* TouchFinger.swift in Sources */,
				807049EE23378ADC0001617D /* cell.fredkin.metal in Sources */,
				80C075372532268F0008820D /* MuDrawBubble.swift in Sources */,
				80704A0223378ADC0001617D /* SkyVC.swift in Sources */,
				807049F823378ADC0001617D /* pipeline.render.metal in Sources */,
				807049F023378ADC0001617D /* cell.modulo.metal in Sources */,
				80F846E1234D016A009022F7 /* cell.camera.metal in Sources */,
				80704A0723378ADC0001617D /* SkyDock.swift in Sources */,
				80C075392532268F0008820D /* MuBezel.swift in Sources */,
				80704A0323378ADC0001617D /* SkyMetal.swift in Sources */,
				808E90D923384CCD004EB9C9 /* MuFile.swift in Sources */,
				807049F423378ADC0001617D /* cell.erode.metal in Sources */,
			);
			runOnlyForDeploymentPostprocessing = 0;
		};
		807048F923378A0B0001617D /* Sources */ = {
			isa = PBXSourcesBuildPhase;
			buildActionMask = 2147483647;
			files = (
				8070490223378A0B0001617D /* MuseSkyTests.swift in Sources */,
			);
			runOnlyForDeploymentPostprocessing = 0;
		};
		8070490423378A0B0001617D /* Sources */ = {
			isa = PBXSourcesBuildPhase;
			buildActionMask = 2147483647;
			files = (
				8070490D23378A0B0001617D /* MuseSkyUITests.swift in Sources */,
			);
			runOnlyForDeploymentPostprocessing = 0;
		};
/* End PBXSourcesBuildPhase section */

/* Begin PBXTargetDependency section */
		807048FF23378A0B0001617D /* PBXTargetDependency */ = {
			isa = PBXTargetDependency;
			target = 807048E623378A090001617D /* MuseSky */;
			targetProxy = 807048FE23378A0B0001617D /* PBXContainerItemProxy */;
		};
		8070490A23378A0B0001617D /* PBXTargetDependency */ = {
			isa = PBXTargetDependency;
			target = 807048E623378A090001617D /* MuseSky */;
			targetProxy = 8070490923378A0B0001617D /* PBXContainerItemProxy */;
		};
/* End PBXTargetDependency section */

/* Begin XCBuildConfiguration section */
		8070490F23378A0B0001617D /* Debug */ = {
			isa = XCBuildConfiguration;
			buildSettings = {
				ALWAYS_SEARCH_USER_PATHS = NO;
				CLANG_ANALYZER_NONNULL = YES;
				CLANG_ANALYZER_NUMBER_OBJECT_CONVERSION = YES_AGGRESSIVE;
				CLANG_CXX_LANGUAGE_STANDARD = "compiler-default";
				CLANG_CXX_LIBRARY = "compiler-default";
				CLANG_ENABLE_MODULES = YES;
				CLANG_ENABLE_OBJC_ARC = NO;
				CLANG_ENABLE_OBJC_WEAK = NO;
				CLANG_WARN_BLOCK_CAPTURE_AUTORELEASING = YES;
				CLANG_WARN_BOOL_CONVERSION = YES;
				CLANG_WARN_COMMA = YES;
				CLANG_WARN_CONSTANT_CONVERSION = YES;
				CLANG_WARN_DEPRECATED_OBJC_IMPLEMENTATIONS = YES;
				CLANG_WARN_DIRECT_OBJC_ISA_USAGE = YES_ERROR;
				CLANG_WARN_DOCUMENTATION_COMMENTS = YES;
				CLANG_WARN_EMPTY_BODY = YES;
				CLANG_WARN_ENUM_CONVERSION = YES;
				CLANG_WARN_INFINITE_RECURSION = YES;
				CLANG_WARN_INT_CONVERSION = YES;
				CLANG_WARN_NON_LITERAL_NULL_CONVERSION = YES;
				CLANG_WARN_OBJC_IMPLICIT_RETAIN_SELF = YES;
				CLANG_WARN_OBJC_LITERAL_CONVERSION = YES;
				CLANG_WARN_OBJC_ROOT_CLASS = YES_ERROR;
				CLANG_WARN_RANGE_LOOP_ANALYSIS = YES;
				CLANG_WARN_STRICT_PROTOTYPES = YES;
				CLANG_WARN_SUSPICIOUS_MOVE = YES;
				CLANG_WARN_UNGUARDED_AVAILABILITY = YES_AGGRESSIVE;
				CLANG_WARN_UNREACHABLE_CODE = YES;
				CLANG_WARN__DUPLICATE_METHOD_MATCH = YES;
				COPY_PHASE_STRIP = YES;
				DEBUG_INFORMATION_FORMAT = dwarf;
				ENABLE_STRICT_OBJC_MSGSEND = NO;
				ENABLE_TESTABILITY = NO;
				GCC_C_LANGUAGE_STANDARD = "compiler-default";
				GCC_DYNAMIC_NO_PIC = NO;
				GCC_NO_COMMON_BLOCKS = YES;
				GCC_OPTIMIZATION_LEVEL = 0;
				GCC_PREPROCESSOR_DEFINITIONS = (
					"DEBUG=1",
					"$(inherited)",
				);
				GCC_WARN_64_TO_32_BIT_CONVERSION = YES;
				GCC_WARN_ABOUT_RETURN_TYPE = YES_ERROR;
				GCC_WARN_UNDECLARED_SELECTOR = YES;
				GCC_WARN_UNINITIALIZED_AUTOS = YES_AGGRESSIVE;
				GCC_WARN_UNUSED_FUNCTION = YES;
				GCC_WARN_UNUSED_VARIABLE = YES;
				IPHONEOS_DEPLOYMENT_TARGET = 14.0;
				MTL_ENABLE_DEBUG_INFO = INCLUDE_SOURCE;
				MTL_FAST_MATH = YES;
				ONLY_ACTIVE_ARCH = NO;
				SDKROOT = iphoneos;
				SWIFT_ACTIVE_COMPILATION_CONDITIONS = DEBUG;
				SWIFT_OPTIMIZATION_LEVEL = "-Onone";
				VALIDATE_PRODUCT = NO;
			};
			name = Debug;
		};
		8070491023378A0B0001617D /* Release */ = {
			isa = XCBuildConfiguration;
			buildSettings = {
				ALWAYS_SEARCH_USER_PATHS = NO;
				CLANG_ANALYZER_NONNULL = YES;
				CLANG_ANALYZER_NUMBER_OBJECT_CONVERSION = YES_AGGRESSIVE;
				CLANG_CXX_LANGUAGE_STANDARD = "compiler-default";
				CLANG_CXX_LIBRARY = "compiler-default";
				CLANG_ENABLE_MODULES = YES;
				CLANG_ENABLE_OBJC_ARC = NO;
				CLANG_ENABLE_OBJC_WEAK = NO;
				CLANG_WARN_BLOCK_CAPTURE_AUTORELEASING = YES;
				CLANG_WARN_BOOL_CONVERSION = YES;
				CLANG_WARN_COMMA = YES;
				CLANG_WARN_CONSTANT_CONVERSION = YES;
				CLANG_WARN_DEPRECATED_OBJC_IMPLEMENTATIONS = YES;
				CLANG_WARN_DIRECT_OBJC_ISA_USAGE = YES_ERROR;
				CLANG_WARN_DOCUMENTATION_COMMENTS = YES;
				CLANG_WARN_EMPTY_BODY = YES;
				CLANG_WARN_ENUM_CONVERSION = YES;
				CLANG_WARN_INFINITE_RECURSION = YES;
				CLANG_WARN_INT_CONVERSION = YES;
				CLANG_WARN_NON_LITERAL_NULL_CONVERSION = YES;
				CLANG_WARN_OBJC_IMPLICIT_RETAIN_SELF = YES;
				CLANG_WARN_OBJC_LITERAL_CONVERSION = YES;
				CLANG_WARN_OBJC_ROOT_CLASS = YES_ERROR;
				CLANG_WARN_RANGE_LOOP_ANALYSIS = YES;
				CLANG_WARN_STRICT_PROTOTYPES = YES;
				CLANG_WARN_SUSPICIOUS_MOVE = YES;
				CLANG_WARN_UNGUARDED_AVAILABILITY = YES_AGGRESSIVE;
				CLANG_WARN_UNREACHABLE_CODE = YES;
				CLANG_WARN__DUPLICATE_METHOD_MATCH = YES;
				COPY_PHASE_STRIP = YES;
				DEBUG_INFORMATION_FORMAT = "dwarf-with-dsym";
				ENABLE_NS_ASSERTIONS = YES;
				ENABLE_STRICT_OBJC_MSGSEND = NO;
				GCC_C_LANGUAGE_STANDARD = "compiler-default";
				GCC_NO_COMMON_BLOCKS = YES;
				GCC_WARN_64_TO_32_BIT_CONVERSION = YES;
				GCC_WARN_ABOUT_RETURN_TYPE = YES_ERROR;
				GCC_WARN_UNDECLARED_SELECTOR = YES;
				GCC_WARN_UNINITIALIZED_AUTOS = YES_AGGRESSIVE;
				GCC_WARN_UNUSED_FUNCTION = YES;
				GCC_WARN_UNUSED_VARIABLE = YES;
				IPHONEOS_DEPLOYMENT_TARGET = 14.0;
				MTL_ENABLE_DEBUG_INFO = NO;
				MTL_FAST_MATH = YES;
				ONLY_ACTIVE_ARCH = NO;
				SDKROOT = iphoneos;
				SWIFT_COMPILATION_MODE = wholemodule;
				SWIFT_OPTIMIZATION_LEVEL = "-O";
				VALIDATE_PRODUCT = NO;
			};
			name = Release;
		};
		8070491223378A0B0001617D /* Debug */ = {
			isa = XCBuildConfiguration;
			buildSettings = {
				ASSETCATALOG_COMPILER_APPICON_NAME = AppIcon;
				CODE_SIGN_STYLE = Automatic;
				DEVELOPMENT_TEAM = 9AVP5GX45R;
				INFOPLIST_FILE = MuseSky/Info.plist;
				IPHONEOS_DEPLOYMENT_TARGET = 14.0;
				LD_RUNPATH_SEARCH_PATHS = (
					"$(inherited)",
					"@executable_path/Frameworks",
				);
				PRODUCT_BUNDLE_IDENTIFIER = com.muse.MuseSky;
				PRODUCT_NAME = "Muse Sky";
				SUPPORTED_PLATFORMS = "iphonesimulator iphoneos";
				SWIFT_VERSION = 5.0;
				TARGETED_DEVICE_FAMILY = "1,2";
			};
			name = Debug;
		};
		8070491323378A0B0001617D /* Release */ = {
			isa = XCBuildConfiguration;
			buildSettings = {
				ASSETCATALOG_COMPILER_APPICON_NAME = AppIcon;
				CODE_SIGN_STYLE = Automatic;
				DEVELOPMENT_TEAM = 9AVP5GX45R;
				INFOPLIST_FILE = MuseSky/Info.plist;
				IPHONEOS_DEPLOYMENT_TARGET = 14.0;
				LD_RUNPATH_SEARCH_PATHS = (
					"$(inherited)",
					"@executable_path/Frameworks",
				);
				PRODUCT_BUNDLE_IDENTIFIER = com.muse.MuseSky;
				PRODUCT_NAME = "Muse Sky";
				SUPPORTED_PLATFORMS = "iphonesimulator iphoneos";
				SWIFT_VERSION = 5.0;
				TARGETED_DEVICE_FAMILY = "1,2";
			};
			name = Release;
		};
		8070491523378A0B0001617D /* Debug */ = {
			isa = XCBuildConfiguration;
			buildSettings = {
				ALWAYS_EMBED_SWIFT_STANDARD_LIBRARIES = YES;
				BUNDLE_LOADER = "$(TEST_HOST)";
				CODE_SIGN_STYLE = Automatic;
				DEVELOPMENT_TEAM = 9AVP5GX45R;
				INFOPLIST_FILE = MuseSkyTests/Info.plist;
				IPHONEOS_DEPLOYMENT_TARGET = 13.0;
				LD_RUNPATH_SEARCH_PATHS = (
					"$(inherited)",
					"@executable_path/Frameworks",
					"@loader_path/Frameworks",
				);
				PRODUCT_BUNDLE_IDENTIFIER = com.muse.MuseSkyTests;
				PRODUCT_NAME = "$(TARGET_NAME)";
				SWIFT_VERSION = 5.0;
				TARGETED_DEVICE_FAMILY = "1,2";
				TEST_HOST = "$(BUILT_PRODUCTS_DIR)/MuseSky.app/MuseSky";
			};
			name = Debug;
		};
		8070491623378A0B0001617D /* Release */ = {
			isa = XCBuildConfiguration;
			buildSettings = {
				ALWAYS_EMBED_SWIFT_STANDARD_LIBRARIES = YES;
				BUNDLE_LOADER = "$(TEST_HOST)";
				CODE_SIGN_STYLE = Automatic;
				DEVELOPMENT_TEAM = 9AVP5GX45R;
				INFOPLIST_FILE = MuseSkyTests/Info.plist;
				IPHONEOS_DEPLOYMENT_TARGET = 13.0;
				LD_RUNPATH_SEARCH_PATHS = (
					"$(inherited)",
					"@executable_path/Frameworks",
					"@loader_path/Frameworks",
				);
				PRODUCT_BUNDLE_IDENTIFIER = com.muse.MuseSkyTests;
				PRODUCT_NAME = "$(TARGET_NAME)";
				SWIFT_VERSION = 5.0;
				TARGETED_DEVICE_FAMILY = "1,2";
				TEST_HOST = "$(BUILT_PRODUCTS_DIR)/MuseSky.app/MuseSky";
			};
			name = Release;
		};
		8070491823378A0B0001617D /* Debug */ = {
			isa = XCBuildConfiguration;
			buildSettings = {
				ALWAYS_EMBED_SWIFT_STANDARD_LIBRARIES = YES;
				CODE_SIGN_STYLE = Automatic;
				DEVELOPMENT_TEAM = 9AVP5GX45R;
				INFOPLIST_FILE = MuseSkyUITests/Info.plist;
				LD_RUNPATH_SEARCH_PATHS = (
					"$(inherited)",
					"@executable_path/Frameworks",
					"@loader_path/Frameworks",
				);
				PRODUCT_BUNDLE_IDENTIFIER = com.muse.MuseSkyUITests;
				PRODUCT_NAME = "$(TARGET_NAME)";
				SWIFT_VERSION = 5.0;
				TARGETED_DEVICE_FAMILY = "1,2";
				TEST_TARGET_NAME = MuseSky;
			};
			name = Debug;
		};
		8070491923378A0B0001617D /* Release */ = {
			isa = XCBuildConfiguration;
			buildSettings = {
				ALWAYS_EMBED_SWIFT_STANDARD_LIBRARIES = YES;
				CODE_SIGN_STYLE = Automatic;
				DEVELOPMENT_TEAM = 9AVP5GX45R;
				INFOPLIST_FILE = MuseSkyUITests/Info.plist;
				LD_RUNPATH_SEARCH_PATHS = (
					"$(inherited)",
					"@executable_path/Frameworks",
					"@loader_path/Frameworks",
				);
				PRODUCT_BUNDLE_IDENTIFIER = com.muse.MuseSkyUITests;
				PRODUCT_NAME = "$(TARGET_NAME)";
				SWIFT_VERSION = 5.0;
				TARGETED_DEVICE_FAMILY = "1,2";
				TEST_TARGET_NAME = MuseSky;
			};
			name = Release;
		};
/* End XCBuildConfiguration section */

/* Begin XCConfigurationList section */
		807048E223378A090001617D /* Build configuration list for PBXProject "MuseSky" */ = {
			isa = XCConfigurationList;
			buildConfigurations = (
				8070490F23378A0B0001617D /* Debug */,
				8070491023378A0B0001617D /* Release */,
			);
			defaultConfigurationIsVisible = 0;
			defaultConfigurationName = Release;
		};
		8070491123378A0B0001617D /* Build configuration list for PBXNativeTarget "MuseSky" */ = {
			isa = XCConfigurationList;
			buildConfigurations = (
				8070491223378A0B0001617D /* Debug */,
				8070491323378A0B0001617D /* Release */,
			);
			defaultConfigurationIsVisible = 0;
			defaultConfigurationName = Release;
		};
		8070491423378A0B0001617D /* Build configuration list for PBXNativeTarget "MuseSkyTests" */ = {
			isa = XCConfigurationList;
			buildConfigurations = (
				8070491523378A0B0001617D /* Debug */,
				8070491623378A0B0001617D /* Release */,
			);
			defaultConfigurationIsVisible = 0;
			defaultConfigurationName = Release;
		};
		8070491723378A0B0001617D /* Build configuration list for PBXNativeTarget "MuseSkyUITests" */ = {
			isa = XCConfigurationList;
			buildConfigurations = (
				8070491823378A0B0001617D /* Debug */,
				8070491923378A0B0001617D /* Release */,
			);
			defaultConfigurationIsVisible = 0;
			defaultConfigurationName = Release;
		};
/* End XCConfigurationList section */

/* Begin XCRemoteSwiftPackageReference section */
		8062A7C025168FB300E61D38 /* XCRemoteSwiftPackageReference "AudioKit" */ = {
			isa = XCRemoteSwiftPackageReference;
			repositoryURL = "https://github.com/AudioKit/AudioKit";
			requirement = {
				branch = staging;
				kind = branch;
			};
		};
		80704B3A23378DB40001617D /* XCRemoteSwiftPackageReference "Tr3" */ = {
			isa = XCRemoteSwiftPackageReference;
			repositoryURL = "https://github.com/musesum/Tr3.git";
			requirement = {
				kind = upToNextMajorVersion;
				minimumVersion = 0.1.88;
			};
		};
		808E90DA2338B4D0004EB9C9 /* XCRemoteSwiftPackageReference "ZIPFoundation" */ = {
			isa = XCRemoteSwiftPackageReference;
			repositoryURL = "https://github.com/weichsel/ZIPFoundation/";
			requirement = {
				kind = upToNextMajorVersion;
				minimumVersion = 0.9.9;
			};
		};
/* End XCRemoteSwiftPackageReference section */

/* Begin XCSwiftPackageProductDependency section */
		8062A7C125168FB300E61D38 /* AudioKit */ = {
			isa = XCSwiftPackageProductDependency;
			package = 8062A7C025168FB300E61D38 /* XCRemoteSwiftPackageReference "AudioKit" */;
			productName = AudioKit;
		};
		80704B3B23378DB40001617D /* Tr3 */ = {
			isa = XCSwiftPackageProductDependency;
			package = 80704B3A23378DB40001617D /* XCRemoteSwiftPackageReference "Tr3" */;
			productName = Tr3;
		};
		808E90DB2338B4D0004EB9C9 /* ZIPFoundation */ = {
			isa = XCSwiftPackageProductDependency;
			package = 808E90DA2338B4D0004EB9C9 /* XCRemoteSwiftPackageReference "ZIPFoundation" */;
			productName = ZIPFoundation;
		};
		80C0754E253226E00008820D /* MuColor */ = {
			isa = XCSwiftPackageProductDependency;
			productName = MuColor;
		};
		80C07550253226E00008820D /* MuCubic */ = {
			isa = XCSwiftPackageProductDependency;
			productName = MuCubic;
		};
		80C07552253226E00008820D /* MuExtensions */ = {
			isa = XCSwiftPackageProductDependency;
			productName = MuExtensions;
		};
		80C07554253226E00008820D /* MuMetal */ = {
			isa = XCSwiftPackageProductDependency;
			productName = MuMetal;
		};
		80C07556253226E00008820D /* MuUtilities */ = {
			isa = XCSwiftPackageProductDependency;
			productName = MuUtilities;
		};
		80C07558253226E00008820D /* Tr3Thumb */ = {
			isa = XCSwiftPackageProductDependency;
			productName = Tr3Thumb;
		};
/* End XCSwiftPackageProductDependency section */
	};
	rootObject = 807048DF23378A090001617D /* Project object */;
}
