{
  "object": {
    "pins": [
      {
        "package": "AudioKit",
        "repositoryURL": "https://github.com/AudioKit/AudioKit",
        "state": {
          "branch": "v5-main",
          "revision": "b71bcdb2d353fec6825469fc215dcade206b07fd",
          "version": null
        }
      },
      {
        "package": "Par",
        "repositoryURL": "https://github.com/musesum/Par.git",
        "state": {
          "branch": null,
          "revision": "8dfe1cb74a22fca5a1b85f5951bf556f849afc13",
          "version": "0.2.3"
        }
      },
      {
        "package": "Tr3",
        "repositoryURL": "https://github.com/musesum/Tr3.git",
        "state": {
          "branch": null,
          "revision": "adcb7e1902d61dab1301dbca9f084f2c6091e5a9",
          "version": "0.2.5"
        }
      },
      {
        "package": "ZIPFoundation",
        "repositoryURL": "https://github.com/weichsel/ZIPFoundation/",
        "state": {
          "branch": null,
          "revision": "ec32d62d412578542c0ffb7a6ce34d3e64b43b94",
          "version": "0.9.11"
        }
      }
    ]
  },
  "version": 1
}
