{
  "object": {
    "pins": [
      {
        "package": "AudioKit",
        "repositoryURL": "https://github.com/AudioKit/AudioKit",
        "state": {
          "branch": "staging",
          "revision": "de8ed947e216c6ba1461603a96188b53fcdeb1a2",
          "version": null
        }
      },
      {
        "package": "Par",
        "repositoryURL": "https://github.com/musesum/Par.git",
        "state": {
          "branch": null,
          "revision": "fea21e234a334b146333d4307ac0ad11f83e851b",
          "version": "0.2.1"
        }
      },
      {
        "package": "Tr3",
        "repositoryURL": "https://github.com/musesum/Tr3.git",
        "state": {
          "branch": null,
          "revision": "23d35bf29146759115985fae21e39f71c7e57520",
          "version": "0.2.1"
        }
      },
      {
        "package": "ZIPFoundation",
        "repositoryURL": "https://github.com/weichsel/ZIPFoundation/",
        "state": {
          "branch": null,
          "revision": "ec32d62d412578542c0ffb7a6ce34d3e64b43b94",
          "version": "0.9.11"
        }
      }
    ]
  },
  "version": 1
}
