{
  "object": {
    "pins": [
      {
        "package": "AudioKit",
        "repositoryURL": "https://github.com/AudioKit/AudioKit",
        "state": {
          "branch": "v5-main",
          "revision": "b71bcdb2d353fec6825469fc215dcade206b07fd",
          "version": null
        }
      },
      {
        "package": "Par",
        "repositoryURL": "https://github.com/musesum/Par.git",
        "state": {
          "branch": null,
          "revision": "777259dd63c745c722efa9cbc0611efd8ef80cab",
          "version": "0.2.2"
        }
      },
      {
        "package": "Tr3",
        "repositoryURL": "https://github.com/musesum/Tr3.git",
        "state": {
          "branch": null,
          "revision": "0bdc9f732387857d61b473c58a4628be16cae8b4",
          "version": "0.2.4"
        }
      },
      {
        "package": "ZIPFoundation",
        "repositoryURL": "https://github.com/weichsel/ZIPFoundation/",
        "state": {
          "branch": null,
          "revision": "ec32d62d412578542c0ffb7a6ce34d3e64b43b94",
          "version": "0.9.11"
        }
      }
    ]
  },
  "version": 1
}
